// !$*UTF8*$!
{
	archiveVersion = 1;
	classes = {
	};
	objectVersion = 56;
	objects = {

/* Begin PBXBuildFile section */
		458D6F612EE7786E003EC23D /* CoreData.xcdatamodeld in Sources */ = {isa = PBXBuildFile; fileRef = D3BF6E9B2E429E5500458C73 /* CoreData.xcdatamodeld */; };
		458D6F632EE778CE003EC23D /* CoreDataStackTests.swift in Sources */ = {isa = PBXBuildFile; fileRef = 458D6F622EE778CE003EC23D /* CoreDataStackTests.swift */; };
		458D6F672EE78A6F003EC23D /* TaskTableViewCellTests.swift in Sources */ = {isa = PBXBuildFile; fileRef = 458D6F662EE78A6F003EC23D /* TaskTableViewCellTests.swift */; };
		D3BF6E222E3CC5CA00458C73 /* AppDelegate.swift in Sources */ = {isa = PBXBuildFile; fileRef = D3BF6E212E3CC5CA00458C73 /* AppDelegate.swift */; };
		D3BF6E242E3CC5CA00458C73 /* SceneDelegate.swift in Sources */ = {isa = PBXBuildFile; fileRef = D3BF6E232E3CC5CA00458C73 /* SceneDelegate.swift */; };
		D3BF6E2E2E3CC5CD00458C73 /* Assets.xcassets in Resources */ = {isa = PBXBuildFile; fileRef = D3BF6E2D2E3CC5CD00458C73 /* Assets.xcassets */; };
		D3BF6E312E3CC5CD00458C73 /* Base in Resources */ = {isa = PBXBuildFile; fileRef = D3BF6E302E3CC5CD00458C73 /* Base */; };
		D3BF6E462E3CC5CE00458C73 /* TodoListAppUITests.swift in Sources */ = {isa = PBXBuildFile; fileRef = D3BF6E452E3CC5CE00458C73 /* TodoListAppUITests.swift */; };
		D3BF6E482E3CC5CE00458C73 /* TodoListAppUITestsLaunchTests.swift in Sources */ = {isa = PBXBuildFile; fileRef = D3BF6E472E3CC5CE00458C73 /* TodoListAppUITestsLaunchTests.swift */; };
		D3BF6E6A2E3CDF4300458C73 /* TaskListViewController.swift in Sources */ = {isa = PBXBuildFile; fileRef = D3BF6E692E3CDF4200458C73 /* TaskListViewController.swift */; };
		D3BF6E6C2E3CDF7200458C73 /* TaskListView+Constraints.swift in Sources */ = {isa = PBXBuildFile; fileRef = D3BF6E6B2E3CDF7200458C73 /* TaskListView+Constraints.swift */; };
		D3BF6E6E2E3CE0C700458C73 /* TaskListInteractor.swift in Sources */ = {isa = PBXBuildFile; fileRef = D3BF6E6D2E3CE0C700458C73 /* TaskListInteractor.swift */; };
		D3BF6E702E3CE20300458C73 /* TaskListPresenter.swift in Sources */ = {isa = PBXBuildFile; fileRef = D3BF6E6F2E3CE20300458C73 /* TaskListPresenter.swift */; };
		D3BF6E722E3CE35900458C73 /* TaskListRouter.swift in Sources */ = {isa = PBXBuildFile; fileRef = D3BF6E712E3CE35900458C73 /* TaskListRouter.swift */; };
		D3BF6E742E3CE49600458C73 /* TaskEntity.swift in Sources */ = {isa = PBXBuildFile; fileRef = D3BF6E732E3CE49600458C73 /* TaskEntity.swift */; };
		D3BF6E762E3CE50400458C73 /* TaskListProtocols.swift in Sources */ = {isa = PBXBuildFile; fileRef = D3BF6E752E3CE50400458C73 /* TaskListProtocols.swift */; };
		D3BF6E782E3F923F00458C73 /* TaskTableViewCell.swift in Sources */ = {isa = PBXBuildFile; fileRef = D3BF6E772E3F923F00458C73 /* TaskTableViewCell.swift */; };
		D3BF6E7C2E3FBEC500458C73 /* TaskDetailViewController.swift in Sources */ = {isa = PBXBuildFile; fileRef = D3BF6E7B2E3FBEC500458C73 /* TaskDetailViewController.swift */; };
		D3BF6E7E2E3FBEE100458C73 /* TaskDetailInteractor.swift in Sources */ = {isa = PBXBuildFile; fileRef = D3BF6E7D2E3FBEE100458C73 /* TaskDetailInteractor.swift */; };
		D3BF6E802E3FBEF700458C73 /* TaskDetailPresenter.swift in Sources */ = {isa = PBXBuildFile; fileRef = D3BF6E7F2E3FBEF700458C73 /* TaskDetailPresenter.swift */; };
		D3BF6E822E3FBF0E00458C73 /* TaskDetailRouter.swift in Sources */ = {isa = PBXBuildFile; fileRef = D3BF6E812E3FBF0E00458C73 /* TaskDetailRouter.swift */; };
		D3BF6E842E3FBF2000458C73 /* TaskDetailProtocols.swift in Sources */ = {isa = PBXBuildFile; fileRef = D3BF6E832E3FBF2000458C73 /* TaskDetailProtocols.swift */; };
		D3BF6E872E4107A900458C73 /* Alamofire in Frameworks */ = {isa = PBXBuildFile; productRef = D3BF6E862E4107A900458C73 /* Alamofire */; };
		D3BF6E892E410EBF00458C73 /* TaskAPIManager.swift in Sources */ = {isa = PBXBuildFile; fileRef = D3BF6E882E410EBF00458C73 /* TaskAPIManager.swift */; };
		D3BF6E9D2E429E5500458C73 /* CoreData.xcdatamodeld in Sources */ = {isa = PBXBuildFile; fileRef = D3BF6E9B2E429E5500458C73 /* CoreData.xcdatamodeld */; };
		D3BF6EA02E429F0100458C73 /* TaskObject+CoreDataClass.swift in Sources */ = {isa = PBXBuildFile; fileRef = D3BF6E9E2E429F0100458C73 /* TaskObject+CoreDataClass.swift */; };
		D3BF6EA12E429F0100458C73 /* TaskObject+CoreDataProperties.swift in Sources */ = {isa = PBXBuildFile; fileRef = D3BF6E9F2E429F0100458C73 /* TaskObject+CoreDataProperties.swift */; };
		D3BF6EA32E429F2800458C73 /* TaskMapper.swift in Sources */ = {isa = PBXBuildFile; fileRef = D3BF6EA22E429F2800458C73 /* TaskMapper.swift */; };
		D3BF6EA52E42A06800458C73 /* CoreDataStack.swift in Sources */ = {isa = PBXBuildFile; fileRef = D3BF6EA42E42A06800458C73 /* CoreDataStack.swift */; };
/* End PBXBuildFile section */

/* Begin PBXContainerItemProxy section */
		458D6F592EE751E1003EC23D /* PBXContainerItemProxy */ = {
			isa = PBXContainerItemProxy;
			containerPortal = D3BF6E162E3CC5CA00458C73 /* Project object */;
			proxyType = 1;
			remoteGlobalIDString = D3BF6E1D2E3CC5CA00458C73;
			remoteInfo = TodoListApp;
		};
		D3BF6E382E3CC5CE00458C73 /* PBXContainerItemProxy */ = {
			isa = PBXContainerItemProxy;
			containerPortal = D3BF6E162E3CC5CA00458C73 /* Project object */;
			proxyType = 1;
			remoteGlobalIDString = D3BF6E1D2E3CC5CA00458C73;
			remoteInfo = TodoListApp;
		};
		D3BF6E422E3CC5CE00458C73 /* PBXContainerItemProxy */ = {
			isa = PBXContainerItemProxy;
			containerPortal = D3BF6E162E3CC5CA00458C73 /* Project object */;
			proxyType = 1;
			remoteGlobalIDString = D3BF6E1D2E3CC5CA00458C73;
			remoteInfo = TodoListApp;
		};
/* End PBXContainerItemProxy section */

/* Begin PBXFileReference section */
		458D6F552EE751E1003EC23D /* APIManagerTests.xctest */ = {isa = PBXFileReference; explicitFileType = wrapper.cfbundle; includeInIndex = 0; path = APIManagerTests.xctest; sourceTree = BUILT_PRODUCTS_DIR; };
		458D6F622EE778CE003EC23D /* CoreDataStackTests.swift */ = {isa = PBXFileReference; lastKnownFileType = sourcecode.swift; path = CoreDataStackTests.swift; sourceTree = "<group>"; };
		458D6F662EE78A6F003EC23D /* TaskTableViewCellTests.swift */ = {isa = PBXFileReference; lastKnownFileType = sourcecode.swift; path = TaskTableViewCellTests.swift; sourceTree = "<group>"; };
		D3BF6E1E2E3CC5CA00458C73 /* TodoListApp.app */ = {isa = PBXFileReference; explicitFileType = wrapper.application; includeInIndex = 0; path = TodoListApp.app; sourceTree = BUILT_PRODUCTS_DIR; };
		D3BF6E212E3CC5CA00458C73 /* AppDelegate.swift */ = {isa = PBXFileReference; lastKnownFileType = sourcecode.swift; path = AppDelegate.swift; sourceTree = "<group>"; };
		D3BF6E232E3CC5CA00458C73 /* SceneDelegate.swift */ = {isa = PBXFileReference; lastKnownFileType = sourcecode.swift; path = SceneDelegate.swift; sourceTree = "<group>"; };
		D3BF6E2D2E3CC5CD00458C73 /* Assets.xcassets */ = {isa = PBXFileReference; lastKnownFileType = folder.assetcatalog; path = Assets.xcassets; sourceTree = "<group>"; };
		D3BF6E302E3CC5CD00458C73 /* Base */ = {isa = PBXFileReference; lastKnownFileType = file.storyboard; name = Base; path = Base.lproj/LaunchScreen.storyboard; sourceTree = "<group>"; };
		D3BF6E322E3CC5CD00458C73 /* Info.plist */ = {isa = PBXFileReference; lastKnownFileType = text.plist.xml; path = Info.plist; sourceTree = "<group>"; };
		D3BF6E372E3CC5CE00458C73 /* TodoListAppTests.xctest */ = {isa = PBXFileReference; explicitFileType = wrapper.cfbundle; includeInIndex = 0; path = TodoListAppTests.xctest; sourceTree = BUILT_PRODUCTS_DIR; };
		D3BF6E412E3CC5CE00458C73 /* TodoListAppUITests.xctest */ = {isa = PBXFileReference; explicitFileType = wrapper.cfbundle; includeInIndex = 0; path = TodoListAppUITests.xctest; sourceTree = BUILT_PRODUCTS_DIR; };
		D3BF6E452E3CC5CE00458C73 /* TodoListAppUITests.swift */ = {isa = PBXFileReference; lastKnownFileType = sourcecode.swift; path = TodoListAppUITests.swift; sourceTree = "<group>"; };
		D3BF6E472E3CC5CE00458C73 /* TodoListAppUITestsLaunchTests.swift */ = {isa = PBXFileReference; lastKnownFileType = sourcecode.swift; path = TodoListAppUITestsLaunchTests.swift; sourceTree = "<group>"; };
		D3BF6E692E3CDF4200458C73 /* TaskListViewController.swift */ = {isa = PBXFileReference; lastKnownFileType = sourcecode.swift; path = TaskListViewController.swift; sourceTree = "<group>"; };
		D3BF6E6B2E3CDF7200458C73 /* TaskListView+Constraints.swift */ = {isa = PBXFileReference; lastKnownFileType = sourcecode.swift; path = "TaskListView+Constraints.swift"; sourceTree = "<group>"; };
		D3BF6E6D2E3CE0C700458C73 /* TaskListInteractor.swift */ = {isa = PBXFileReference; lastKnownFileType = sourcecode.swift; path = TaskListInteractor.swift; sourceTree = "<group>"; };
		D3BF6E6F2E3CE20300458C73 /* TaskListPresenter.swift */ = {isa = PBXFileReference; lastKnownFileType = sourcecode.swift; path = TaskListPresenter.swift; sourceTree = "<group>"; };
		D3BF6E712E3CE35900458C73 /* TaskListRouter.swift */ = {isa = PBXFileReference; lastKnownFileType = sourcecode.swift; path = TaskListRouter.swift; sourceTree = "<group>"; };
		D3BF6E732E3CE49600458C73 /* TaskEntity.swift */ = {isa = PBXFileReference; lastKnownFileType = sourcecode.swift; path = TaskEntity.swift; sourceTree = "<group>"; };
		D3BF6E752E3CE50400458C73 /* TaskListProtocols.swift */ = {isa = PBXFileReference; lastKnownFileType = sourcecode.swift; path = TaskListProtocols.swift; sourceTree = "<group>"; };
		D3BF6E772E3F923F00458C73 /* TaskTableViewCell.swift */ = {isa = PBXFileReference; lastKnownFileType = sourcecode.swift; path = TaskTableViewCell.swift; sourceTree = "<group>"; };
		D3BF6E7B2E3FBEC500458C73 /* TaskDetailViewController.swift */ = {isa = PBXFileReference; lastKnownFileType = sourcecode.swift; path = TaskDetailViewController.swift; sourceTree = "<group>"; };
		D3BF6E7D2E3FBEE100458C73 /* TaskDetailInteractor.swift */ = {isa = PBXFileReference; lastKnownFileType = sourcecode.swift; path = TaskDetailInteractor.swift; sourceTree = "<group>"; };
		D3BF6E7F2E3FBEF700458C73 /* TaskDetailPresenter.swift */ = {isa = PBXFileReference; lastKnownFileType = sourcecode.swift; path = TaskDetailPresenter.swift; sourceTree = "<group>"; };
		D3BF6E812E3FBF0E00458C73 /* TaskDetailRouter.swift */ = {isa = PBXFileReference; lastKnownFileType = sourcecode.swift; path = TaskDetailRouter.swift; sourceTree = "<group>"; };
		D3BF6E832E3FBF2000458C73 /* TaskDetailProtocols.swift */ = {isa = PBXFileReference; lastKnownFileType = sourcecode.swift; path = TaskDetailProtocols.swift; sourceTree = "<group>"; };
		D3BF6E882E410EBF00458C73 /* TaskAPIManager.swift */ = {isa = PBXFileReference; lastKnownFileType = sourcecode.swift; path = TaskAPIManager.swift; sourceTree = "<group>"; };
		D3BF6E9C2E429E5500458C73 /* CoreData.xcdatamodel */ = {isa = PBXFileReference; lastKnownFileType = wrapper.xcdatamodel; path = CoreData.xcdatamodel; sourceTree = "<group>"; };
		D3BF6E9E2E429F0100458C73 /* TaskObject+CoreDataClass.swift */ = {isa = PBXFileReference; lastKnownFileType = sourcecode.swift; path = "TaskObject+CoreDataClass.swift"; sourceTree = "<group>"; };
		D3BF6E9F2E429F0100458C73 /* TaskObject+CoreDataProperties.swift */ = {isa = PBXFileReference; lastKnownFileType = sourcecode.swift; path = "TaskObject+CoreDataProperties.swift"; sourceTree = "<group>"; };
		D3BF6EA22E429F2800458C73 /* TaskMapper.swift */ = {isa = PBXFileReference; lastKnownFileType = sourcecode.swift; path = TaskMapper.swift; sourceTree = "<group>"; };
		D3BF6EA42E42A06800458C73 /* CoreDataStack.swift */ = {isa = PBXFileReference; lastKnownFileType = sourcecode.swift; path = CoreDataStack.swift; sourceTree = "<group>"; };
/* End PBXFileReference section */

/* Begin PBXFrameworksBuildPhase section */
		458D6F522EE751E1003EC23D /* Frameworks */ = {
			isa = PBXFrameworksBuildPhase;
			buildActionMask = 2147483647;
			files = (
			);
			runOnlyForDeploymentPostprocessing = 0;
		};
		D3BF6E1B2E3CC5CA00458C73 /* Frameworks */ = {
			isa = PBXFrameworksBuildPhase;
			buildActionMask = 2147483647;
			files = (
				D3BF6E872E4107A900458C73 /* Alamofire in Frameworks */,
			);
			runOnlyForDeploymentPostprocessing = 0;
		};
		D3BF6E342E3CC5CE00458C73 /* Frameworks */ = {
			isa = PBXFrameworksBuildPhase;
			buildActionMask = 2147483647;
			files = (
			);
			runOnlyForDeploymentPostprocessing = 0;
		};
		D3BF6E3E2E3CC5CE00458C73 /* Frameworks */ = {
			isa = PBXFrameworksBuildPhase;
			buildActionMask = 2147483647;
			files = (
			);
			runOnlyForDeploymentPostprocessing = 0;
		};
/* End PBXFrameworksBuildPhase section */

/* Begin PBXGroup section */
		458D6F4F2EE75092003EC23D /* TodoListAppTests */ = {
			isa = PBXGroup;
			children = (
				458D6F622EE778CE003EC23D /* CoreDataStackTests.swift */,
				458D6F662EE78A6F003EC23D /* TaskTableViewCellTests.swift */,
			);
			path = TodoListAppTests;
			sourceTree = "<group>";
		};
		D3BF6E152E3CC5CA00458C73 = {
			isa = PBXGroup;
			children = (
				D3BF6E9B2E429E5500458C73 /* CoreData.xcdatamodeld */,
				D3BF6E202E3CC5CA00458C73 /* TodoListApp */,
				458D6F4F2EE75092003EC23D /* TodoListAppTests */,
				D3BF6E442E3CC5CE00458C73 /* TodoListAppUITests */,
				D3BF6E1F2E3CC5CA00458C73 /* Products */,
			);
			sourceTree = "<group>";
		};
		D3BF6E1F2E3CC5CA00458C73 /* Products */ = {
			isa = PBXGroup;
			children = (
				D3BF6E1E2E3CC5CA00458C73 /* TodoListApp.app */,
				D3BF6E372E3CC5CE00458C73 /* TodoListAppTests.xctest */,
				D3BF6E412E3CC5CE00458C73 /* TodoListAppUITests.xctest */,
				458D6F552EE751E1003EC23D /* APIManagerTests.xctest */,
			);
			name = Products;
			sourceTree = "<group>";
		};
		D3BF6E202E3CC5CA00458C73 /* TodoListApp */ = {
			isa = PBXGroup;
			children = (
				D3BF6E572E3CDC8800458C73 /* Modules */,
				D3BF6E682E3CDDF200458C73 /* Core */,
				D3BF6EAA2E44068400458C73 /* Entities */,
				D3BF6E562E3CDC7200458C73 /* App */,
				D3BF6E662E3CDDD000458C73 /* Resources */,
				D3BF6E322E3CC5CD00458C73 /* Info.plist */,
				D3BF6EA22E429F2800458C73 /* TaskMapper.swift */,
			);
			path = TodoListApp;
			sourceTree = "<group>";
		};
		D3BF6E442E3CC5CE00458C73 /* TodoListAppUITests */ = {
			isa = PBXGroup;
			children = (
				D3BF6E452E3CC5CE00458C73 /* TodoListAppUITests.swift */,
				D3BF6E472E3CC5CE00458C73 /* TodoListAppUITestsLaunchTests.swift */,
			);
			path = TodoListAppUITests;
			sourceTree = "<group>";
		};
		D3BF6E562E3CDC7200458C73 /* App */ = {
			isa = PBXGroup;
			children = (
				D3BF6E212E3CC5CA00458C73 /* AppDelegate.swift */,
				D3BF6E232E3CC5CA00458C73 /* SceneDelegate.swift */,
			);
			path = App;
			sourceTree = "<group>";
		};
		D3BF6E572E3CDC8800458C73 /* Modules */ = {
			isa = PBXGroup;
			children = (
				D3BF6E582E3CDCB400458C73 /* TaskList */,
				D3BF6E592E3CDCC000458C73 /* TaskDetail */,
			);
			path = Modules;
			sourceTree = "<group>";
		};
		D3BF6E582E3CDCB400458C73 /* TaskList */ = {
			isa = PBXGroup;
			children = (
				D3BF6E752E3CE50400458C73 /* TaskListProtocols.swift */,
				D3BF6E692E3CDF4200458C73 /* TaskListViewController.swift */,
				D3BF6E6B2E3CDF7200458C73 /* TaskListView+Constraints.swift */,
				D3BF6E6D2E3CE0C700458C73 /* TaskListInteractor.swift */,
				D3BF6E6F2E3CE20300458C73 /* TaskListPresenter.swift */,
				D3BF6E712E3CE35900458C73 /* TaskListRouter.swift */,
				D3BF6EAB2E44078500458C73 /* Views */,
			);
			path = TaskList;
			sourceTree = "<group>";
		};
		D3BF6E592E3CDCC000458C73 /* TaskDetail */ = {
			isa = PBXGroup;
			children = (
				D3BF6E7B2E3FBEC500458C73 /* TaskDetailViewController.swift */,
				D3BF6E7F2E3FBEF700458C73 /* TaskDetailPresenter.swift */,
				D3BF6E7D2E3FBEE100458C73 /* TaskDetailInteractor.swift */,
				D3BF6E812E3FBF0E00458C73 /* TaskDetailRouter.swift */,
				D3BF6E832E3FBF2000458C73 /* TaskDetailProtocols.swift */,
			);
			path = TaskDetail;
			sourceTree = "<group>";
		};
		D3BF6E662E3CDDD000458C73 /* Resources */ = {
			isa = PBXGroup;
			children = (
				D3BF6E2D2E3CC5CD00458C73 /* Assets.xcassets */,
				D3BF6E2F2E3CC5CD00458C73 /* LaunchScreen.storyboard */,
			);
			path = Resources;
			sourceTree = "<group>";
		};
		D3BF6E672E3CDDE700458C73 /* Network */ = {
			isa = PBXGroup;
			children = (
				D3BF6E882E410EBF00458C73 /* TaskAPIManager.swift */,
			);
			path = Network;
			sourceTree = "<group>";
		};
		D3BF6E682E3CDDF200458C73 /* Core */ = {
			isa = PBXGroup;
			children = (
				D3BF6EA82E44062000458C73 /* Data */,
				D3BF6E672E3CDDE700458C73 /* Network */,
			);
			path = Core;
			sourceTree = "<group>";
		};
		D3BF6EA82E44062000458C73 /* Data */ = {
			isa = PBXGroup;
			children = (
				D3BF6EA42E42A06800458C73 /* CoreDataStack.swift */,
			);
			path = Data;
			sourceTree = "<group>";
		};
		D3BF6EAA2E44068400458C73 /* Entities */ = {
			isa = PBXGroup;
			children = (
				D3BF6E732E3CE49600458C73 /* TaskEntity.swift */,
				D3BF6E9F2E429F0100458C73 /* TaskObject+CoreDataProperties.swift */,
				D3BF6E9E2E429F0100458C73 /* TaskObject+CoreDataClass.swift */,
			);
			path = Entities;
			sourceTree = "<group>";
		};
		D3BF6EAB2E44078500458C73 /* Views */ = {
			isa = PBXGroup;
			children = (
				D3BF6E772E3F923F00458C73 /* TaskTableViewCell.swift */,
			);
			path = Views;
			sourceTree = "<group>";
		};
/* End PBXGroup section */

/* Begin PBXNativeTarget section */
		458D6F542EE751E1003EC23D /* APIManagerTests */ = {
			isa = PBXNativeTarget;
			buildConfigurationList = 458D6F5B2EE751E1003EC23D /* Build configuration list for PBXNativeTarget "APIManagerTests" */;
			buildPhases = (
				458D6F512EE751E1003EC23D /* Sources */,
				458D6F522EE751E1003EC23D /* Frameworks */,
				458D6F532EE751E1003EC23D /* Resources */,
			);
			buildRules = (
			);
			dependencies = (
				458D6F5A2EE751E1003EC23D /* PBXTargetDependency */,
			);
			name = APIManagerTests;
			packageProductDependencies = (
			);
			productName = APIManagerTests;
			productReference = 458D6F552EE751E1003EC23D /* APIManagerTests.xctest */;
			productType = "com.apple.product-type.bundle.unit-test";
		};
		D3BF6E1D2E3CC5CA00458C73 /* TodoListApp */ = {
			isa = PBXNativeTarget;
			buildConfigurationList = D3BF6E4B2E3CC5CE00458C73 /* Build configuration list for PBXNativeTarget "TodoListApp" */;
			buildPhases = (
				D3BF6E1A2E3CC5CA00458C73 /* Sources */,
				D3BF6E1B2E3CC5CA00458C73 /* Frameworks */,
				D3BF6E1C2E3CC5CA00458C73 /* Resources */,
			);
			buildRules = (
			);
			dependencies = (
			);
			name = TodoListApp;
			packageProductDependencies = (
				D3BF6E862E4107A900458C73 /* Alamofire */,
			);
			productName = TodoListApp;
			productReference = D3BF6E1E2E3CC5CA00458C73 /* TodoListApp.app */;
			productType = "com.apple.product-type.application";
		};
		D3BF6E362E3CC5CE00458C73 /* TodoListAppTests */ = {
			isa = PBXNativeTarget;
			buildConfigurationList = D3BF6E4E2E3CC5CE00458C73 /* Build configuration list for PBXNativeTarget "TodoListAppTests" */;
			buildPhases = (
				D3BF6E332E3CC5CE00458C73 /* Sources */,
				D3BF6E342E3CC5CE00458C73 /* Frameworks */,
				D3BF6E352E3CC5CE00458C73 /* Resources */,
			);
			buildRules = (
			);
			dependencies = (
				D3BF6E392E3CC5CE00458C73 /* PBXTargetDependency */,
			);
			name = TodoListAppTests;
			productName = TodoListAppTests;
			productReference = D3BF6E372E3CC5CE00458C73 /* TodoListAppTests.xctest */;
			productType = "com.apple.product-type.bundle.unit-test";
		};
		D3BF6E402E3CC5CE00458C73 /* TodoListAppUITests */ = {
			isa = PBXNativeTarget;
			buildConfigurationList = D3BF6E512E3CC5CE00458C73 /* Build configuration list for PBXNativeTarget "TodoListAppUITests" */;
			buildPhases = (
				D3BF6E3D2E3CC5CE00458C73 /* Sources */,
				D3BF6E3E2E3CC5CE00458C73 /* Frameworks */,
				D3BF6E3F2E3CC5CE00458C73 /* Resources */,
			);
			buildRules = (
			);
			dependencies = (
				D3BF6E432E3CC5CE00458C73 /* PBXTargetDependency */,
			);
			name = TodoListAppUITests;
			productName = TodoListAppUITests;
			productReference = D3BF6E412E3CC5CE00458C73 /* TodoListAppUITests.xctest */;
			productType = "com.apple.product-type.bundle.ui-testing";
		};
/* End PBXNativeTarget section */

/* Begin PBXProject section */
		D3BF6E162E3CC5CA00458C73 /* Project object */ = {
			isa = PBXProject;
			attributes = {
				BuildIndependentTargetsInParallel = 1;
				LastSwiftUpdateCheck = 2600;
				LastUpgradeCheck = 1540;
				TargetAttributes = {
					458D6F542EE751E1003EC23D = {
						CreatedOnToolsVersion = 26.0.1;
						TestTargetID = D3BF6E1D2E3CC5CA00458C73;
					};
					D3BF6E1D2E3CC5CA00458C73 = {
						CreatedOnToolsVersion = 15.4;
					};
					D3BF6E362E3CC5CE00458C73 = {
						CreatedOnToolsVersion = 15.4;
						LastSwiftMigration = 2600;
						TestTargetID = D3BF6E1D2E3CC5CA00458C73;
					};
					D3BF6E402E3CC5CE00458C73 = {
						CreatedOnToolsVersion = 15.4;
						TestTargetID = D3BF6E1D2E3CC5CA00458C73;
					};
				};
			};
			buildConfigurationList = D3BF6E192E3CC5CA00458C73 /* Build configuration list for PBXProject "TodoListApp" */;
			compatibilityVersion = "Xcode 14.0";
			developmentRegion = en;
			hasScannedForEncodings = 0;
			knownRegions = (
				en,
				Base,
			);
			mainGroup = D3BF6E152E3CC5CA00458C73;
			packageReferences = (
				D3BF6E852E4107A900458C73 /* XCRemoteSwiftPackageReference "Alamofire" */,
			);
			productRefGroup = D3BF6E1F2E3CC5CA00458C73 /* Products */;
			projectDirPath = "";
			projectRoot = "";
			targets = (
				D3BF6E1D2E3CC5CA00458C73 /* TodoListApp */,
				D3BF6E362E3CC5CE00458C73 /* TodoListAppTests */,
				D3BF6E402E3CC5CE00458C73 /* TodoListAppUITests */,
				458D6F542EE751E1003EC23D /* APIManagerTests */,
			);
		};
/* End PBXProject section */

/* Begin PBXResourcesBuildPhase section */
		458D6F532EE751E1003EC23D /* Resources */ = {
			isa = PBXResourcesBuildPhase;
			buildActionMask = 2147483647;
			files = (
			);
			runOnlyForDeploymentPostprocessing = 0;
		};
		D3BF6E1C2E3CC5CA00458C73 /* Resources */ = {
			isa = PBXResourcesBuildPhase;
			buildActionMask = 2147483647;
			files = (
				D3BF6E2E2E3CC5CD00458C73 /* Assets.xcassets in Resources */,
				D3BF6E312E3CC5CD00458C73 /* Base in Resources */,
			);
			runOnlyForDeploymentPostprocessing = 0;
		};
		D3BF6E352E3CC5CE00458C73 /* Resources */ = {
			isa = PBXResourcesBuildPhase;
			buildActionMask = 2147483647;
			files = (
			);
			runOnlyForDeploymentPostprocessing = 0;
		};
		D3BF6E3F2E3CC5CE00458C73 /* Resources */ = {
			isa = PBXResourcesBuildPhase;
			buildActionMask = 2147483647;
			files = (
			);
			runOnlyForDeploymentPostprocessing = 0;
		};
/* End PBXResourcesBuildPhase section */

/* Begin PBXSourcesBuildPhase section */
		458D6F512EE751E1003EC23D /* Sources */ = {
			isa = PBXSourcesBuildPhase;
			buildActionMask = 2147483647;
			files = (
			);
			runOnlyForDeploymentPostprocessing = 0;
		};
		D3BF6E1A2E3CC5CA00458C73 /* Sources */ = {
			isa = PBXSourcesBuildPhase;
			buildActionMask = 2147483647;
			files = (
				D3BF6EA52E42A06800458C73 /* CoreDataStack.swift in Sources */,
				D3BF6E702E3CE20300458C73 /* TaskListPresenter.swift in Sources */,
				D3BF6E6C2E3CDF7200458C73 /* TaskListView+Constraints.swift in Sources */,
				D3BF6E782E3F923F00458C73 /* TaskTableViewCell.swift in Sources */,
				D3BF6EA32E429F2800458C73 /* TaskMapper.swift in Sources */,
				D3BF6E7E2E3FBEE100458C73 /* TaskDetailInteractor.swift in Sources */,
				D3BF6EA02E429F0100458C73 /* TaskObject+CoreDataClass.swift in Sources */,
				D3BF6EA12E429F0100458C73 /* TaskObject+CoreDataProperties.swift in Sources */,
				D3BF6E892E410EBF00458C73 /* TaskAPIManager.swift in Sources */,
				D3BF6E9D2E429E5500458C73 /* CoreData.xcdatamodeld in Sources */,
				D3BF6E762E3CE50400458C73 /* TaskListProtocols.swift in Sources */,
				D3BF6E842E3FBF2000458C73 /* TaskDetailProtocols.swift in Sources */,
				D3BF6E222E3CC5CA00458C73 /* AppDelegate.swift in Sources */,
				D3BF6E6A2E3CDF4300458C73 /* TaskListViewController.swift in Sources */,
				D3BF6E822E3FBF0E00458C73 /* TaskDetailRouter.swift in Sources */,
				D3BF6E6E2E3CE0C700458C73 /* TaskListInteractor.swift in Sources */,
				D3BF6E242E3CC5CA00458C73 /* SceneDelegate.swift in Sources */,
				D3BF6E7C2E3FBEC500458C73 /* TaskDetailViewController.swift in Sources */,
				D3BF6E802E3FBEF700458C73 /* TaskDetailPresenter.swift in Sources */,
				D3BF6E742E3CE49600458C73 /* TaskEntity.swift in Sources */,
				D3BF6E722E3CE35900458C73 /* TaskListRouter.swift in Sources */,
			);
			runOnlyForDeploymentPostprocessing = 0;
		};
		D3BF6E332E3CC5CE00458C73 /* Sources */ = {
			isa = PBXSourcesBuildPhase;
			buildActionMask = 2147483647;
			files = (
				458D6F612EE7786E003EC23D /* CoreData.xcdatamodeld in Sources */,
				458D6F672EE78A6F003EC23D /* TaskTableViewCellTests.swift in Sources */,
				458D6F632EE778CE003EC23D /* CoreDataStackTests.swift in Sources */,
			);
			runOnlyForDeploymentPostprocessing = 0;
		};
		D3BF6E3D2E3CC5CE00458C73 /* Sources */ = {
			isa = PBXSourcesBuildPhase;
			buildActionMask = 2147483647;
			files = (
				D3BF6E482E3CC5CE00458C73 /* TodoListAppUITestsLaunchTests.swift in Sources */,
				D3BF6E462E3CC5CE00458C73 /* TodoListAppUITests.swift in Sources */,
			);
			runOnlyForDeploymentPostprocessing = 0;
		};
/* End PBXSourcesBuildPhase section */

/* Begin PBXTargetDependency section */
		458D6F5A2EE751E1003EC23D /* PBXTargetDependency */ = {
			isa = PBXTargetDependency;
			target = D3BF6E1D2E3CC5CA00458C73 /* TodoListApp */;
			targetProxy = 458D6F592EE751E1003EC23D /* PBXContainerItemProxy */;
		};
		D3BF6E392E3CC5CE00458C73 /* PBXTargetDependency */ = {
			isa = PBXTargetDependency;
			target = D3BF6E1D2E3CC5CA00458C73 /* TodoListApp */;
			targetProxy = D3BF6E382E3CC5CE00458C73 /* PBXContainerItemProxy */;
		};
		D3BF6E432E3CC5CE00458C73 /* PBXTargetDependency */ = {
			isa = PBXTargetDependency;
			target = D3BF6E1D2E3CC5CA00458C73 /* TodoListApp */;
			targetProxy = D3BF6E422E3CC5CE00458C73 /* PBXContainerItemProxy */;
		};
/* End PBXTargetDependency section */

/* Begin PBXVariantGroup section */
		D3BF6E2F2E3CC5CD00458C73 /* LaunchScreen.storyboard */ = {
			isa = PBXVariantGroup;
			children = (
				D3BF6E302E3CC5CD00458C73 /* Base */,
			);
			name = LaunchScreen.storyboard;
			sourceTree = "<group>";
		};
/* End PBXVariantGroup section */

/* Begin XCBuildConfiguration section */
		458D6F5C2EE751E1003EC23D /* Debug */ = {
			isa = XCBuildConfiguration;
			buildSettings = {
				BUNDLE_LOADER = "$(TEST_HOST)";
				CODE_SIGN_STYLE = Automatic;
				CURRENT_PROJECT_VERSION = 1;
				GENERATE_INFOPLIST_FILE = YES;
				IPHONEOS_DEPLOYMENT_TARGET = 26.0;
				MARKETING_VERSION = 1.0;
				PRODUCT_BUNDLE_IDENTIFIER = com.Faruk.APIManagerTests;
				PRODUCT_NAME = "$(TARGET_NAME)";
				STRING_CATALOG_GENERATE_SYMBOLS = NO;
				SWIFT_APPROACHABLE_CONCURRENCY = YES;
				SWIFT_EMIT_LOC_STRINGS = NO;
				SWIFT_UPCOMING_FEATURE_MEMBER_IMPORT_VISIBILITY = YES;
				SWIFT_VERSION = 5.0;
				TARGETED_DEVICE_FAMILY = "1,2";
				TEST_HOST = "$(BUILT_PRODUCTS_DIR)/TodoListApp.app/$(BUNDLE_EXECUTABLE_FOLDER_PATH)/TodoListApp";
			};
			name = Debug;
		};
		458D6F5D2EE751E1003EC23D /* Release */ = {
			isa = XCBuildConfiguration;
			buildSettings = {
				BUNDLE_LOADER = "$(TEST_HOST)";
				CODE_SIGN_STYLE = Automatic;
				CURRENT_PROJECT_VERSION = 1;
				GENERATE_INFOPLIST_FILE = YES;
				IPHONEOS_DEPLOYMENT_TARGET = 26.0;
				MARKETING_VERSION = 1.0;
				PRODUCT_BUNDLE_IDENTIFIER = com.Faruk.APIManagerTests;
				PRODUCT_NAME = "$(TARGET_NAME)";
				STRING_CATALOG_GENERATE_SYMBOLS = NO;
				SWIFT_APPROACHABLE_CONCURRENCY = YES;
				SWIFT_EMIT_LOC_STRINGS = NO;
				SWIFT_UPCOMING_FEATURE_MEMBER_IMPORT_VISIBILITY = YES;
				SWIFT_VERSION = 5.0;
				TARGETED_DEVICE_FAMILY = "1,2";
				TEST_HOST = "$(BUILT_PRODUCTS_DIR)/TodoListApp.app/$(BUNDLE_EXECUTABLE_FOLDER_PATH)/TodoListApp";
			};
			name = Release;
		};
		D3BF6E492E3CC5CE00458C73 /* Debug */ = {
			isa = XCBuildConfiguration;
			buildSettings = {
				ALWAYS_SEARCH_USER_PATHS = NO;
				ASSETCATALOG_COMPILER_GENERATE_SWIFT_ASSET_SYMBOL_EXTENSIONS = YES;
				CLANG_ANALYZER_NONNULL = YES;
				CLANG_ANALYZER_NUMBER_OBJECT_CONVERSION = YES_AGGRESSIVE;
				CLANG_CXX_LANGUAGE_STANDARD = "gnu++20";
				CLANG_ENABLE_MODULES = YES;
				CLANG_ENABLE_OBJC_ARC = YES;
				CLANG_ENABLE_OBJC_WEAK = YES;
				CLANG_WARN_BLOCK_CAPTURE_AUTORELEASING = YES;
				CLANG_WARN_BOOL_CONVERSION = YES;
				CLANG_WARN_COMMA = YES;
				CLANG_WARN_CONSTANT_CONVERSION = YES;
				CLANG_WARN_DEPRECATED_OBJC_IMPLEMENTATIONS = YES;
				CLANG_WARN_DIRECT_OBJC_ISA_USAGE = YES_ERROR;
				CLANG_WARN_DOCUMENTATION_COMMENTS = YES;
				CLANG_WARN_EMPTY_BODY = YES;
				CLANG_WARN_ENUM_CONVERSION = YES;
				CLANG_WARN_INFINITE_RECURSION = YES;
				CLANG_WARN_INT_CONVERSION = YES;
				CLANG_WARN_NON_LITERAL_NULL_CONVERSION = YES;
				CLANG_WARN_OBJC_IMPLICIT_RETAIN_SELF = YES;
				CLANG_WARN_OBJC_LITERAL_CONVERSION = YES;
				CLANG_WARN_OBJC_ROOT_CLASS = YES_ERROR;
				CLANG_WARN_QUOTED_INCLUDE_IN_FRAMEWORK_HEADER = YES;
				CLANG_WARN_RANGE_LOOP_ANALYSIS = YES;
				CLANG_WARN_STRICT_PROTOTYPES = YES;
				CLANG_WARN_SUSPICIOUS_MOVE = YES;
				CLANG_WARN_UNGUARDED_AVAILABILITY = YES_AGGRESSIVE;
				CLANG_WARN_UNREACHABLE_CODE = YES;
				CLANG_WARN__DUPLICATE_METHOD_MATCH = YES;
				COPY_PHASE_STRIP = NO;
				DEBUG_INFORMATION_FORMAT = dwarf;
				ENABLE_STRICT_OBJC_MSGSEND = YES;
				ENABLE_TESTABILITY = YES;
				ENABLE_USER_SCRIPT_SANDBOXING = YES;
				GCC_C_LANGUAGE_STANDARD = gnu17;
				GCC_DYNAMIC_NO_PIC = NO;
				GCC_NO_COMMON_BLOCKS = YES;
				GCC_OPTIMIZATION_LEVEL = 0;
				GCC_PREPROCESSOR_DEFINITIONS = (
					"DEBUG=1",
					"$(inherited)",
				);
				GCC_WARN_64_TO_32_BIT_CONVERSION = YES;
				GCC_WARN_ABOUT_RETURN_TYPE = YES_ERROR;
				GCC_WARN_UNDECLARED_SELECTOR = YES;
				GCC_WARN_UNINITIALIZED_AUTOS = YES_AGGRESSIVE;
				GCC_WARN_UNUSED_FUNCTION = YES;
				GCC_WARN_UNUSED_VARIABLE = YES;
				IPHONEOS_DEPLOYMENT_TARGET = 17.5;
				LOCALIZATION_PREFERS_STRING_CATALOGS = YES;
				MTL_ENABLE_DEBUG_INFO = INCLUDE_SOURCE;
				MTL_FAST_MATH = YES;
				ONLY_ACTIVE_ARCH = YES;
				SDKROOT = iphoneos;
				SWIFT_ACTIVE_COMPILATION_CONDITIONS = "DEBUG $(inherited)";
				SWIFT_OPTIMIZATION_LEVEL = "-Onone";
			};
			name = Debug;
		};
		D3BF6E4A2E3CC5CE00458C73 /* Release */ = {
			isa = XCBuildConfiguration;
			buildSettings = {
				ALWAYS_SEARCH_USER_PATHS = NO;
				ASSETCATALOG_COMPILER_GENERATE_SWIFT_ASSET_SYMBOL_EXTENSIONS = YES;
				CLANG_ANALYZER_NONNULL = YES;
				CLANG_ANALYZER_NUMBER_OBJECT_CONVERSION = YES_AGGRESSIVE;
				CLANG_CXX_LANGUAGE_STANDARD = "gnu++20";
				CLANG_ENABLE_MODULES = YES;
				CLANG_ENABLE_OBJC_ARC = YES;
				CLANG_ENABLE_OBJC_WEAK = YES;
				CLANG_WARN_BLOCK_CAPTURE_AUTORELEASING = YES;
				CLANG_WARN_BOOL_CONVERSION = YES;
				CLANG_WARN_COMMA = YES;
				CLANG_WARN_CONSTANT_CONVERSION = YES;
				CLANG_WARN_DEPRECATED_OBJC_IMPLEMENTATIONS = YES;
				CLANG_WARN_DIRECT_OBJC_ISA_USAGE = YES_ERROR;
				CLANG_WARN_DOCUMENTATION_COMMENTS = YES;
				CLANG_WARN_EMPTY_BODY = YES;
				CLANG_WARN_ENUM_CONVERSION = YES;
				CLANG_WARN_INFINITE_RECURSION = YES;
				CLANG_WARN_INT_CONVERSION = YES;
				CLANG_WARN_NON_LITERAL_NULL_CONVERSION = YES;
				CLANG_WARN_OBJC_IMPLICIT_RETAIN_SELF = YES;
				CLANG_WARN_OBJC_LITERAL_CONVERSION = YES;
				CLANG_WARN_OBJC_ROOT_CLASS = YES_ERROR;
				CLANG_WARN_QUOTED_INCLUDE_IN_FRAMEWORK_HEADER = YES;
				CLANG_WARN_RANGE_LOOP_ANALYSIS = YES;
				CLANG_WARN_STRICT_PROTOTYPES = YES;
				CLANG_WARN_SUSPICIOUS_MOVE = YES;
				CLANG_WARN_UNGUARDED_AVAILABILITY = YES_AGGRESSIVE;
				CLANG_WARN_UNREACHABLE_CODE = YES;
				CLANG_WARN__DUPLICATE_METHOD_MATCH = YES;
				COPY_PHASE_STRIP = NO;
				DEBUG_INFORMATION_FORMAT = "dwarf-with-dsym";
				ENABLE_NS_ASSERTIONS = NO;
				ENABLE_STRICT_OBJC_MSGSEND = YES;
				ENABLE_USER_SCRIPT_SANDBOXING = YES;
				GCC_C_LANGUAGE_STANDARD = gnu17;
				GCC_NO_COMMON_BLOCKS = YES;
				GCC_WARN_64_TO_32_BIT_CONVERSION = YES;
				GCC_WARN_ABOUT_RETURN_TYPE = YES_ERROR;
				GCC_WARN_UNDECLARED_SELECTOR = YES;
				GCC_WARN_UNINITIALIZED_AUTOS = YES_AGGRESSIVE;
				GCC_WARN_UNUSED_FUNCTION = YES;
				GCC_WARN_UNUSED_VARIABLE = YES;
				IPHONEOS_DEPLOYMENT_TARGET = 17.5;
				LOCALIZATION_PREFERS_STRING_CATALOGS = YES;
				MTL_ENABLE_DEBUG_INFO = NO;
				MTL_FAST_MATH = YES;
				SDKROOT = iphoneos;
				SWIFT_COMPILATION_MODE = wholemodule;
				VALIDATE_PRODUCT = YES;
			};
			name = Release;
		};
		D3BF6E4C2E3CC5CE00458C73 /* Debug */ = {
			isa = XCBuildConfiguration;
			buildSettings = {
				ASSETCATALOG_COMPILER_APPICON_NAME = AppIcon;
				ASSETCATALOG_COMPILER_GLOBAL_ACCENT_COLOR_NAME = AccentColor;
				CODE_SIGN_STYLE = Automatic;
				CURRENT_PROJECT_VERSION = 1;
				DEVELOPMENT_TEAM = 2ZCJ9C6AX2;
				GENERATE_INFOPLIST_FILE = YES;
				INFOPLIST_FILE = TodoListApp/Info.plist;
				INFOPLIST_KEY_UIApplicationSupportsIndirectInputEvents = YES;
				INFOPLIST_KEY_UILaunchStoryboardName = LaunchScreen;
				INFOPLIST_KEY_UISupportedInterfaceOrientations_iPad = "UIInterfaceOrientationPortrait UIInterfaceOrientationPortraitUpsideDown UIInterfaceOrientationLandscapeLeft UIInterfaceOrientationLandscapeRight";
				INFOPLIST_KEY_UISupportedInterfaceOrientations_iPhone = "UIInterfaceOrientationPortrait UIInterfaceOrientationLandscapeLeft UIInterfaceOrientationLandscapeRight";
				LD_RUNPATH_SEARCH_PATHS = (
					"$(inherited)",
					"@executable_path/Frameworks",
				);
				MARKETING_VERSION = 1.0;
				PRODUCT_BUNDLE_IDENTIFIER = com.umarfaruknasir.TodoListApp;
				PRODUCT_NAME = "$(TARGET_NAME)";
				SWIFT_EMIT_LOC_STRINGS = YES;
				SWIFT_VERSION = 5.0;
				TARGETED_DEVICE_FAMILY = "1,2";
			};
			name = Debug;
		};
		D3BF6E4D2E3CC5CE00458C73 /* Release */ = {
			isa = XCBuildConfiguration;
			buildSettings = {
				ASSETCATALOG_COMPILER_APPICON_NAME = AppIcon;
				ASSETCATALOG_COMPILER_GLOBAL_ACCENT_COLOR_NAME = AccentColor;
				CODE_SIGN_STYLE = Automatic;
				CURRENT_PROJECT_VERSION = 1;
				DEVELOPMENT_TEAM = 2ZCJ9C6AX2;
				GENERATE_INFOPLIST_FILE = YES;
				INFOPLIST_FILE = TodoListApp/Info.plist;
				INFOPLIST_KEY_UIApplicationSupportsIndirectInputEvents = YES;
				INFOPLIST_KEY_UILaunchStoryboardName = LaunchScreen;
				INFOPLIST_KEY_UISupportedInterfaceOrientations_iPad = "UIInterfaceOrientationPortrait UIInterfaceOrientationPortraitUpsideDown UIInterfaceOrientationLandscapeLeft UIInterfaceOrientationLandscapeRight";
				INFOPLIST_KEY_UISupportedInterfaceOrientations_iPhone = "UIInterfaceOrientationPortrait UIInterfaceOrientationLandscapeLeft UIInterfaceOrientationLandscapeRight";
				LD_RUNPATH_SEARCH_PATHS = (
					"$(inherited)",
					"@executable_path/Frameworks",
				);
				MARKETING_VERSION = 1.0;
				PRODUCT_BUNDLE_IDENTIFIER = com.umarfaruknasir.TodoListApp;
				PRODUCT_NAME = "$(TARGET_NAME)";
				SWIFT_EMIT_LOC_STRINGS = YES;
				SWIFT_VERSION = 5.0;
				TARGETED_DEVICE_FAMILY = "1,2";
			};
			name = Release;
		};
		D3BF6E4F2E3CC5CE00458C73 /* Debug */ = {
			isa = XCBuildConfiguration;
			buildSettings = {
				BUNDLE_LOADER = "$(TEST_HOST)";
				CLANG_ENABLE_MODULES = YES;
				CODE_SIGN_STYLE = Automatic;
				CURRENT_PROJECT_VERSION = 1;
				DEVELOPMENT_TEAM = 2ZCJ9C6AX2;
				GENERATE_INFOPLIST_FILE = YES;
				IPHONEOS_DEPLOYMENT_TARGET = 17.5;
				MARKETING_VERSION = 1.0;
				PRODUCT_BUNDLE_IDENTIFIER = com.umarfaruknasir.TodoListAppTests;
				PRODUCT_NAME = "$(TARGET_NAME)";
				SWIFT_EMIT_LOC_STRINGS = NO;
				SWIFT_OPTIMIZATION_LEVEL = "-Onone";
				SWIFT_VERSION = 5.0;
				TARGETED_DEVICE_FAMILY = "1,2";
				TEST_HOST = "$(BUILT_PRODUCTS_DIR)/TodoListApp.app/$(BUNDLE_EXECUTABLE_FOLDER_PATH)/TodoListApp";
			};
			name = Debug;
		};
		D3BF6E502E3CC5CE00458C73 /* Release */ = {
			isa = XCBuildConfiguration;
			buildSettings = {
				BUNDLE_LOADER = "$(TEST_HOST)";
				CLANG_ENABLE_MODULES = YES;
				CODE_SIGN_STYLE = Automatic;
				CURRENT_PROJECT_VERSION = 1;
				DEVELOPMENT_TEAM = 2ZCJ9C6AX2;
				GENERATE_INFOPLIST_FILE = YES;
				IPHONEOS_DEPLOYMENT_TARGET = 17.5;
				MARKETING_VERSION = 1.0;
				PRODUCT_BUNDLE_IDENTIFIER = com.umarfaruknasir.TodoListAppTests;
				PRODUCT_NAME = "$(TARGET_NAME)";
				SWIFT_EMIT_LOC_STRINGS = NO;
				SWIFT_VERSION = 5.0;
				TARGETED_DEVICE_FAMILY = "1,2";
				TEST_HOST = "$(BUILT_PRODUCTS_DIR)/TodoListApp.app/$(BUNDLE_EXECUTABLE_FOLDER_PATH)/TodoListApp";
			};
			name = Release;
		};
		D3BF6E522E3CC5CE00458C73 /* Debug */ = {
			isa = XCBuildConfiguration;
			buildSettings = {
				CODE_SIGN_STYLE = Automatic;
				CURRENT_PROJECT_VERSION = 1;
				DEVELOPMENT_TEAM = 2ZCJ9C6AX2;
				GENERATE_INFOPLIST_FILE = YES;
				MARKETING_VERSION = 1.0;
				PRODUCT_BUNDLE_IDENTIFIER = com.umarfaruknasir.TodoListAppUITests;
				PRODUCT_NAME = "$(TARGET_NAME)";
				SWIFT_EMIT_LOC_STRINGS = NO;
				SWIFT_VERSION = 5.0;
				TARGETED_DEVICE_FAMILY = "1,2";
				TEST_TARGET_NAME = TodoListApp;
			};
			name = Debug;
		};
		D3BF6E532E3CC5CE00458C73 /* Release */ = {
			isa = XCBuildConfiguration;
			buildSettings = {
				CODE_SIGN_STYLE = Automatic;
				CURRENT_PROJECT_VERSION = 1;
				DEVELOPMENT_TEAM = 2ZCJ9C6AX2;
				GENERATE_INFOPLIST_FILE = YES;
				MARKETING_VERSION = 1.0;
				PRODUCT_BUNDLE_IDENTIFIER = com.umarfaruknasir.TodoListAppUITests;
				PRODUCT_NAME = "$(TARGET_NAME)";
				SWIFT_EMIT_LOC_STRINGS = NO;
				SWIFT_VERSION = 5.0;
				TARGETED_DEVICE_FAMILY = "1,2";
				TEST_TARGET_NAME = TodoListApp;
			};
			name = Release;
		};
/* End XCBuildConfiguration section */

/* Begin XCConfigurationList section */
		458D6F5B2EE751E1003EC23D /* Build configuration list for PBXNativeTarget "APIManagerTests" */ = {
			isa = XCConfigurationList;
			buildConfigurations = (
				458D6F5C2EE751E1003EC23D /* Debug */,
				458D6F5D2EE751E1003EC23D /* Release */,
			);
			defaultConfigurationIsVisible = 0;
			defaultConfigurationName = Release;
		};
		D3BF6E192E3CC5CA00458C73 /* Build configuration list for PBXProject "TodoListApp" */ = {
			isa = XCConfigurationList;
			buildConfigurations = (
				D3BF6E492E3CC5CE00458C73 /* Debug */,
				D3BF6E4A2E3CC5CE00458C73 /* Release */,
			);
			defaultConfigurationIsVisible = 0;
			defaultConfigurationName = Release;
		};
		D3BF6E4B2E3CC5CE00458C73 /* Build configuration list for PBXNativeTarget "TodoListApp" */ = {
			isa = XCConfigurationList;
			buildConfigurations = (
				D3BF6E4C2E3CC5CE00458C73 /* Debug */,
				D3BF6E4D2E3CC5CE00458C73 /* Release */,
			);
			defaultConfigurationIsVisible = 0;
			defaultConfigurationName = Release;
		};
		D3BF6E4E2E3CC5CE00458C73 /* Build configuration list for PBXNativeTarget "TodoListAppTests" */ = {
			isa = XCConfigurationList;
			buildConfigurations = (
				D3BF6E4F2E3CC5CE00458C73 /* Debug */,
				D3BF6E502E3CC5CE00458C73 /* Release */,
			);
			defaultConfigurationIsVisible = 0;
			defaultConfigurationName = Release;
		};
		D3BF6E512E3CC5CE00458C73 /* Build configuration list for PBXNativeTarget "TodoListAppUITests" */ = {
			isa = XCConfigurationList;
			buildConfigurations = (
				D3BF6E522E3CC5CE00458C73 /* Debug */,
				D3BF6E532E3CC5CE00458C73 /* Release */,
			);
			defaultConfigurationIsVisible = 0;
			defaultConfigurationName = Release;
		};
/* End XCConfigurationList section */

/* Begin XCRemoteSwiftPackageReference section */
		D3BF6E852E4107A900458C73 /* XCRemoteSwiftPackageReference "Alamofire" */ = {
			isa = XCRemoteSwiftPackageReference;
			repositoryURL = "https://github.com/Alamofire/Alamofire.git";
			requirement = {
				kind = upToNextMajorVersion;
				minimumVersion = 5.10.2;
			};
		};
/* End XCRemoteSwiftPackageReference section */

/* Begin XCSwiftPackageProductDependency section */
		D3BF6E862E4107A900458C73 /* Alamofire */ = {
			isa = XCSwiftPackageProductDependency;
			package = D3BF6E852E4107A900458C73 /* XCRemoteSwiftPackageReference "Alamofire" */;
			productName = Alamofire;
		};
/* End XCSwiftPackageProductDependency section */

/* Begin XCVersionGroup section */
		D3BF6E9B2E429E5500458C73 /* CoreData.xcdatamodeld */ = {
			isa = XCVersionGroup;
			children = (
				D3BF6E9C2E429E5500458C73 /* CoreData.xcdatamodel */,
			);
			currentVersion = D3BF6E9C2E429E5500458C73 /* CoreData.xcdatamodel */;
			path = CoreData.xcdatamodeld;
			sourceTree = "<group>";
			versionGroupType = wrapper.xcdatamodel;
		};
/* End XCVersionGroup section */
	};
	rootObject = D3BF6E162E3CC5CA00458C73 /* Project object */;
}
